
Microsoft Visual Studio Solution File, Format Version 12.00
# Visual Studio 15
VisualStudioVersion = 15.0.27703.2035
MinimumVisualStudioVersion = 10.0.40219.1
Project("{FAE04EC0-301F-11D3-BF4B-00C04F79EFBC}") = "BotQnA", "BotQnA\BotQnA.csproj", "{E8E75FF0-9C08-4E11-BC38-431B5484855E}"
EndProject
Global
	GlobalSection(SolutionConfigurationPlatforms) = preSolution
		Debug|Any CPU = Debug|Any CPU
		Release|Any CPU = Release|Any CPU
	EndGlobalSection
	GlobalSection(ProjectConfigurationPlatforms) = postSolution
		{E8E75FF0-9C08-4E11-BC38-431B5484855E}.Debug|Any CPU.ActiveCfg = Debug|Any CPU
		{E8E75FF0-9C08-4E11-BC38-431B5484855E}.Debug|Any CPU.Build.0 = Debug|Any CPU
		{E8E75FF0-9C08-4E11-BC38-431B5484855E}.Release|Any CPU.ActiveCfg = Release|Any CPU
		{E8E75FF0-9C08-4E11-BC38-431B5484855E}.Release|Any CPU.Build.0 = Release|Any CPU
	EndGlobalSection
	GlobalSection(SolutionProperties) = preSolution
		HideSolutionNode = FALSE
	EndGlobalSection
	GlobalSection(ExtensibilityGlobals) = postSolution
		SolutionGuid = {43FB956A-EE12-467D-91E2-1A5698C4A7E6}
	EndGlobalSection
EndGlobal
